
Microsoft Visual Studio Solution File, Format Version 12.00
# Visual Studio 2012
Project("{FAE04EC0-301F-11D3-BF4B-00C04F79EFBC}") = "Mutatio", "Mutatio\Mutatio.csproj", "{A3EEE448-4BBD-4EE5-8504-46DE7AD0577B}"
EndProject
Global
	GlobalSection(SolutionConfigurationPlatforms) = preSolution
		Debug|Any CPU = Debug|Any CPU
		Release|Any CPU = Release|Any CPU
	EndGlobalSection
	GlobalSection(ProjectConfigurationPlatforms) = postSolution
		{A3EEE448-4BBD-4EE5-8504-46DE7AD0577B}.Debug|Any CPU.ActiveCfg = Debug|Any CPU
		{A3EEE448-4BBD-4EE5-8504-46DE7AD0577B}.Debug|Any CPU.Build.0 = Debug|Any CPU
		{A3EEE448-4BBD-4EE5-8504-46DE7AD0577B}.Release|Any CPU.ActiveCfg = Release|Any CPU
		{A3EEE448-4BBD-4EE5-8504-46DE7AD0577B}.Release|Any CPU.Build.0 = Release|Any CPU
	EndGlobalSection
EndGlobal
